// !$*UTF8*$!
{
	archiveVersion = 1;
	classes = {
	};
	objectVersion = 51;
	objects = {

/* Begin PBXBuildFile section */
		4527DF1A234C7872003AAAB1 /* MyCell.swift in Sources */ = {isa = PBXBuildFile; fileRef = 4527DF19234C7872003AAAB1 /* MyCell.swift */; };
		454CBCE7236ECD130086CD91 /* DayOfWeekCell.swift in Sources */ = {isa = PBXBuildFile; fileRef = 454CBCE6236ECD130086CD91 /* DayOfWeekCell.swift */; };
		458A62012355198B00A1E58F /* RequestKBP.swift in Sources */ = {isa = PBXBuildFile; fileRef = 458A62002355198B00A1E58F /* RequestKBP.swift */; };
		45A4F06E236A157500CC9E5F /* MyNilCollectionViewCell.swift in Sources */ = {isa = PBXBuildFile; fileRef = 45A4F06D236A157500CC9E5F /* MyNilCollectionViewCell.swift */; };
		45BAEE49236589EA00B2D0BA /* StringHandle.swift in Sources */ = {isa = PBXBuildFile; fileRef = 45BAEE48236589EA00B2D0BA /* StringHandle.swift */; };
		45BAEE4B23658C9A00B2D0BA /* AnyExtension.swift in Sources */ = {isa = PBXBuildFile; fileRef = 45BAEE4A23658C9A00B2D0BA /* AnyExtension.swift */; };
		45C09B3D23579CF500D33CE2 /* Enums.swift in Sources */ = {isa = PBXBuildFile; fileRef = 45C09B3C23579CF500D33CE2 /* Enums.swift */; };
		45EBD3112349BE0A000B3429 /* AppDelegate.swift in Sources */ = {isa = PBXBuildFile; fileRef = 45EBD3102349BE0A000B3429 /* AppDelegate.swift */; };
		45EBD3132349BE0A000B3429 /* SceneDelegate.swift in Sources */ = {isa = PBXBuildFile; fileRef = 45EBD3122349BE0A000B3429 /* SceneDelegate.swift */; };
		45EBD3152349BE0A000B3429 /* ViewController.swift in Sources */ = {isa = PBXBuildFile; fileRef = 45EBD3142349BE0A000B3429 /* ViewController.swift */; };
		45EBD31A2349BE0C000B3429 /* Assets.xcassets in Resources */ = {isa = PBXBuildFile; fileRef = 45EBD3192349BE0C000B3429 /* Assets.xcassets */; };
		45EBD31D2349BE0C000B3429 /* LaunchScreen.storyboard in Resources */ = {isa = PBXBuildFile; fileRef = 45EBD31B2349BE0C000B3429 /* LaunchScreen.storyboard */; };
		BE63A263FA15C293FD08C72F /* Pods_curriculum.framework in Frameworks */ = {isa = PBXBuildFile; fileRef = BEE98B0789AE95DAD2DF7D15 /* Pods_curriculum.framework */; };
/* End PBXBuildFile section */

/* Begin PBXFileReference section */
		25E7C2D74513304709F04017 /* Pods-curriculum.release.xcconfig */ = {isa = PBXFileReference; includeInIndex = 1; lastKnownFileType = text.xcconfig; name = "Pods-curriculum.release.xcconfig"; path = "Target Support Files/Pods-curriculum/Pods-curriculum.release.xcconfig"; sourceTree = "<group>"; };
		4527DF19234C7872003AAAB1 /* MyCell.swift */ = {isa = PBXFileReference; lastKnownFileType = sourcecode.swift; path = MyCell.swift; sourceTree = "<group>"; };
		454CBCE6236ECD130086CD91 /* DayOfWeekCell.swift */ = {isa = PBXFileReference; lastKnownFileType = sourcecode.swift; path = DayOfWeekCell.swift; sourceTree = "<group>"; };
		458A62002355198B00A1E58F /* RequestKBP.swift */ = {isa = PBXFileReference; lastKnownFileType = sourcecode.swift; path = RequestKBP.swift; sourceTree = "<group>"; };
		45A4F06D236A157500CC9E5F /* MyNilCollectionViewCell.swift */ = {isa = PBXFileReference; lastKnownFileType = sourcecode.swift; path = MyNilCollectionViewCell.swift; sourceTree = "<group>"; };
		45BAEE48236589EA00B2D0BA /* StringHandle.swift */ = {isa = PBXFileReference; lastKnownFileType = sourcecode.swift; path = StringHandle.swift; sourceTree = "<group>"; };
		45BAEE4A23658C9A00B2D0BA /* AnyExtension.swift */ = {isa = PBXFileReference; lastKnownFileType = sourcecode.swift; path = AnyExtension.swift; sourceTree = "<group>"; };
		45C09B3C23579CF500D33CE2 /* Enums.swift */ = {isa = PBXFileReference; lastKnownFileType = sourcecode.swift; path = Enums.swift; sourceTree = "<group>"; };
		45EBD30D2349BE0A000B3429 /* curriculum.app */ = {isa = PBXFileReference; explicitFileType = wrapper.application; includeInIndex = 0; path = curriculum.app; sourceTree = BUILT_PRODUCTS_DIR; };
		45EBD3102349BE0A000B3429 /* AppDelegate.swift */ = {isa = PBXFileReference; lastKnownFileType = sourcecode.swift; path = AppDelegate.swift; sourceTree = "<group>"; };
		45EBD3122349BE0A000B3429 /* SceneDelegate.swift */ = {isa = PBXFileReference; lastKnownFileType = sourcecode.swift; path = SceneDelegate.swift; sourceTree = "<group>"; };
		45EBD3142349BE0A000B3429 /* ViewController.swift */ = {isa = PBXFileReference; lastKnownFileType = sourcecode.swift; path = ViewController.swift; sourceTree = "<group>"; };
		45EBD3192349BE0C000B3429 /* Assets.xcassets */ = {isa = PBXFileReference; lastKnownFileType = folder.assetcatalog; path = Assets.xcassets; sourceTree = "<group>"; };
		45EBD31C2349BE0C000B3429 /* Base */ = {isa = PBXFileReference; lastKnownFileType = file.storyboard; name = Base; path = Base.lproj/LaunchScreen.storyboard; sourceTree = "<group>"; };
		45EBD31E2349BE0C000B3429 /* Info.plist */ = {isa = PBXFileReference; lastKnownFileType = text.plist.xml; path = Info.plist; sourceTree = "<group>"; };
		79C78FE9C951578599D20FBD /* Pods-curriculum.debug.xcconfig */ = {isa = PBXFileReference; includeInIndex = 1; lastKnownFileType = text.xcconfig; name = "Pods-curriculum.debug.xcconfig"; path = "Target Support Files/Pods-curriculum/Pods-curriculum.debug.xcconfig"; sourceTree = "<group>"; };
		BEE98B0789AE95DAD2DF7D15 /* Pods_curriculum.framework */ = {isa = PBXFileReference; explicitFileType = wrapper.framework; includeInIndex = 0; path = Pods_curriculum.framework; sourceTree = BUILT_PRODUCTS_DIR; };
/* End PBXFileReference section */

/* Begin PBXFrameworksBuildPhase section */
		45EBD30A2349BE0A000B3429 /* Frameworks */ = {
			isa = PBXFrameworksBuildPhase;
			buildActionMask = 2147483647;
			files = (
				BE63A263FA15C293FD08C72F /* Pods_curriculum.framework in Frameworks */,
			);
			runOnlyForDeploymentPostprocessing = 0;
		};
/* End PBXFrameworksBuildPhase section */

/* Begin PBXGroup section */
		455DBF3B23636BB400B9A324 /* SettingsProject */ = {
			isa = PBXGroup;
			children = (
				45EBD3192349BE0C000B3429 /* Assets.xcassets */,
				45EBD31B2349BE0C000B3429 /* LaunchScreen.storyboard */,
				45EBD31E2349BE0C000B3429 /* Info.plist */,
			);
			path = SettingsProject;
			sourceTree = "<group>";
		};
		458A620223551EA500A1E58F /* Delegates */ = {
			isa = PBXGroup;
			children = (
				45EBD3102349BE0A000B3429 /* AppDelegate.swift */,
				45EBD3122349BE0A000B3429 /* SceneDelegate.swift */,
			);
			path = Delegates;
			sourceTree = "<group>";
		};
		458A620323551F1700A1E58F /* Controllers */ = {
			isa = PBXGroup;
			children = (
				45EBD3142349BE0A000B3429 /* ViewController.swift */,
			);
			path = Controllers;
			sourceTree = "<group>";
		};
		458A620423561A6500A1E58F /* support */ = {
			isa = PBXGroup;
			children = (
				45BAEE48236589EA00B2D0BA /* StringHandle.swift */,
				45BAEE4A23658C9A00B2D0BA /* AnyExtension.swift */,
				458A62002355198B00A1E58F /* RequestKBP.swift */,
				45C09B3C23579CF500D33CE2 /* Enums.swift */,
			);
			path = support;
			sourceTree = "<group>";
		};
		45EBD3042349BE0A000B3429 = {
			isa = PBXGroup;
			children = (
				45EBD30F2349BE0A000B3429 /* curriculum */,
				45EBD30E2349BE0A000B3429 /* Products */,
				86AF4C801196995F9C61A535 /* Pods */,
				E6C2C95B141C2BCE9950424B /* Frameworks */,
			);
			sourceTree = "<group>";
		};
		45EBD30E2349BE0A000B3429 /* Products */ = {
			isa = PBXGroup;
			children = (
				45EBD30D2349BE0A000B3429 /* curriculum.app */,
			);
			name = Products;
			sourceTree = "<group>";
		};
		45EBD30F2349BE0A000B3429 /* curriculum */ = {
			isa = PBXGroup;
			children = (
				458A620223551EA500A1E58F /* Delegates */,
				458A620323551F1700A1E58F /* Controllers */,
				458A620423561A6500A1E58F /* support */,
				4527DF19234C7872003AAAB1 /* MyCell.swift */,
				454CBCE6236ECD130086CD91 /* DayOfWeekCell.swift */,
				45A4F06D236A157500CC9E5F /* MyNilCollectionViewCell.swift */,
				455DBF3B23636BB400B9A324 /* SettingsProject */,
			);
			path = curriculum;
			sourceTree = "<group>";
		};
		86AF4C801196995F9C61A535 /* Pods */ = {
			isa = PBXGroup;
			children = (
				79C78FE9C951578599D20FBD /* Pods-curriculum.debug.xcconfig */,
				25E7C2D74513304709F04017 /* Pods-curriculum.release.xcconfig */,
			);
			path = Pods;
			sourceTree = "<group>";
		};
		E6C2C95B141C2BCE9950424B /* Frameworks */ = {
			isa = PBXGroup;
			children = (
				BEE98B0789AE95DAD2DF7D15 /* Pods_curriculum.framework */,
			);
			name = Frameworks;
			sourceTree = "<group>";
		};
/* End PBXGroup section */

/* Begin PBXNativeTarget section */
		45EBD30C2349BE0A000B3429 /* curriculum */ = {
			isa = PBXNativeTarget;
			buildConfigurationList = 45EBD3212349BE0C000B3429 /* Build configuration list for PBXNativeTarget "curriculum" */;
			buildPhases = (
				24DB78A2077BB2DC782DECED /* [CP] Check Pods Manifest.lock */,
				45EBD3092349BE0A000B3429 /* Sources */,
				45EBD30A2349BE0A000B3429 /* Frameworks */,
				45EBD30B2349BE0A000B3429 /* Resources */,
				EDB1D4388B4D352AA585D063 /* [CP] Embed Pods Frameworks */,
			);
			buildRules = (
			);
			dependencies = (
			);
			name = curriculum;
			productName = curriculum;
			productReference = 45EBD30D2349BE0A000B3429 /* curriculum.app */;
			productType = "com.apple.product-type.application";
		};
/* End PBXNativeTarget section */

/* Begin PBXProject section */
		45EBD3052349BE0A000B3429 /* Project object */ = {
			isa = PBXProject;
			attributes = {
				LastSwiftUpdateCheck = 1120;
				LastUpgradeCheck = 1120;
				ORGANIZATIONNAME = IvanLyuhtikov;
				TargetAttributes = {
					45EBD30C2349BE0A000B3429 = {
						CreatedOnToolsVersion = 11.2;
					};
				};
			};
			buildConfigurationList = 45EBD3082349BE0A000B3429 /* Build configuration list for PBXProject "curriculum" */;
			compatibilityVersion = "Xcode 9.3";
			developmentRegion = en;
			hasScannedForEncodings = 0;
			knownRegions = (
				en,
				Base,
			);
			mainGroup = 45EBD3042349BE0A000B3429;
			productRefGroup = 45EBD30E2349BE0A000B3429 /* Products */;
			projectDirPath = "";
			projectRoot = "";
			targets = (
				45EBD30C2349BE0A000B3429 /* curriculum */,
			);
		};
/* End PBXProject section */

/* Begin PBXResourcesBuildPhase section */
		45EBD30B2349BE0A000B3429 /* Resources */ = {
			isa = PBXResourcesBuildPhase;
			buildActionMask = 2147483647;
			files = (
				45EBD31D2349BE0C000B3429 /* LaunchScreen.storyboard in Resources */,
				45EBD31A2349BE0C000B3429 /* Assets.xcassets in Resources */,
			);
			runOnlyForDeploymentPostprocessing = 0;
		};
/* End PBXResourcesBuildPhase section */

/* Begin PBXShellScriptBuildPhase section */
		24DB78A2077BB2DC782DECED /* [CP] Check Pods Manifest.lock */ = {
			isa = PBXShellScriptBuildPhase;
			buildActionMask = 2147483647;
			files = (
			);
			inputFileListPaths = (
			);
			inputPaths = (
				"${PODS_PODFILE_DIR_PATH}/Podfile.lock",
				"${PODS_ROOT}/Manifest.lock",
			);
			name = "[CP] Check Pods Manifest.lock";
			outputFileListPaths = (
			);
			outputPaths = (
				"$(DERIVED_FILE_DIR)/Pods-curriculum-checkManifestLockResult.txt",
			);
			runOnlyForDeploymentPostprocessing = 0;
			shellPath = /bin/sh;
			shellScript = "diff \"${PODS_PODFILE_DIR_PATH}/Podfile.lock\" \"${PODS_ROOT}/Manifest.lock\" > /dev/null\nif [ $? != 0 ] ; then\n    # print error to STDERR\n    echo \"error: The sandbox is not in sync with the Podfile.lock. Run 'pod install' or update your CocoaPods installation.\" >&2\n    exit 1\nfi\n# This output is used by Xcode 'outputs' to avoid re-running this script phase.\necho \"SUCCESS\" > \"${SCRIPT_OUTPUT_FILE_0}\"\n";
			showEnvVarsInLog = 0;
		};
		EDB1D4388B4D352AA585D063 /* [CP] Embed Pods Frameworks */ = {
			isa = PBXShellScriptBuildPhase;
			buildActionMask = 2147483647;
			files = (
			);
			inputFileListPaths = (
				"${PODS_ROOT}/Target Support Files/Pods-curriculum/Pods-curriculum-frameworks-${CONFIGURATION}-input-files.xcfilelist",
			);
			name = "[CP] Embed Pods Frameworks";
			outputFileListPaths = (
				"${PODS_ROOT}/Target Support Files/Pods-curriculum/Pods-curriculum-frameworks-${CONFIGURATION}-output-files.xcfilelist",
			);
			runOnlyForDeploymentPostprocessing = 0;
			shellPath = /bin/sh;
			shellScript = "\"${PODS_ROOT}/Target Support Files/Pods-curriculum/Pods-curriculum-frameworks.sh\"\n";
			showEnvVarsInLog = 0;
		};
/* End PBXShellScriptBuildPhase section */

/* Begin PBXSourcesBuildPhase section */
		45EBD3092349BE0A000B3429 /* Sources */ = {
			isa = PBXSourcesBuildPhase;
			buildActionMask = 2147483647;
			files = (
				45EBD3152349BE0A000B3429 /* ViewController.swift in Sources */,
				454CBCE7236ECD130086CD91 /* DayOfWeekCell.swift in Sources */,
				458A62012355198B00A1E58F /* RequestKBP.swift in Sources */,
				45BAEE4B23658C9A00B2D0BA /* AnyExtension.swift in Sources */,
				45BAEE49236589EA00B2D0BA /* StringHandle.swift in Sources */,
				4527DF1A234C7872003AAAB1 /* MyCell.swift in Sources */,
				45EBD3112349BE0A000B3429 /* AppDelegate.swift in Sources */,
				45C09B3D23579CF500D33CE2 /* Enums.swift in Sources */,
				45A4F06E236A157500CC9E5F /* MyNilCollectionViewCell.swift in Sources */,
				45EBD3132349BE0A000B3429 /* SceneDelegate.swift in Sources */,
			);
			runOnlyForDeploymentPostprocessing = 0;
		};
/* End PBXSourcesBuildPhase section */

/* Begin PBXVariantGroup section */
		45EBD31B2349BE0C000B3429 /* LaunchScreen.storyboard */ = {
			isa = PBXVariantGroup;
			children = (
				45EBD31C2349BE0C000B3429 /* Base */,
			);
			name = LaunchScreen.storyboard;
			sourceTree = "<group>";
		};
/* End PBXVariantGroup section */

/* Begin XCBuildConfiguration section */
		45EBD31F2349BE0C000B3429 /* Debug */ = {
			isa = XCBuildConfiguration;
			buildSettings = {
				ALWAYS_SEARCH_USER_PATHS = NO;
				CLANG_ANALYZER_NONNULL = YES;
				CLANG_ANALYZER_NUMBER_OBJECT_CONVERSION = YES_AGGRESSIVE;
				CLANG_CXX_LANGUAGE_STANDARD = "gnu++14";
				CLANG_CXX_LIBRARY = "libc++";
				CLANG_ENABLE_MODULES = YES;
				CLANG_ENABLE_OBJC_ARC = YES;
				CLANG_ENABLE_OBJC_WEAK = YES;
				CLANG_WARN_BLOCK_CAPTURE_AUTORELEASING = YES;
				CLANG_WARN_BOOL_CONVERSION = YES;
				CLANG_WARN_COMMA = YES;
				CLANG_WARN_CONSTANT_CONVERSION = YES;
				CLANG_WARN_DEPRECATED_OBJC_IMPLEMENTATIONS = YES;
				CLANG_WARN_DIRECT_OBJC_ISA_USAGE = YES_ERROR;
				CLANG_WARN_DOCUMENTATION_COMMENTS = YES;
				CLANG_WARN_EMPTY_BODY = YES;
				CLANG_WARN_ENUM_CONVERSION = YES;
				CLANG_WARN_INFINITE_RECURSION = YES;
				CLANG_WARN_INT_CONVERSION = YES;
				CLANG_WARN_NON_LITERAL_NULL_CONVERSION = YES;
				CLANG_WARN_OBJC_IMPLICIT_RETAIN_SELF = YES;
				CLANG_WARN_OBJC_LITERAL_CONVERSION = YES;
				CLANG_WARN_OBJC_ROOT_CLASS = YES_ERROR;
				CLANG_WARN_RANGE_LOOP_ANALYSIS = YES;
				CLANG_WARN_STRICT_PROTOTYPES = YES;
				CLANG_WARN_SUSPICIOUS_MOVE = YES;
				CLANG_WARN_UNGUARDED_AVAILABILITY = YES_AGGRESSIVE;
				CLANG_WARN_UNREACHABLE_CODE = YES;
				CLANG_WARN__DUPLICATE_METHOD_MATCH = YES;
				COPY_PHASE_STRIP = NO;
				DEBUG_INFORMATION_FORMAT = dwarf;
				ENABLE_STRICT_OBJC_MSGSEND = YES;
				ENABLE_TESTABILITY = YES;
				GCC_C_LANGUAGE_STANDARD = gnu11;
				GCC_DYNAMIC_NO_PIC = NO;
				GCC_NO_COMMON_BLOCKS = YES;
				GCC_OPTIMIZATION_LEVEL = 0;
				GCC_PREPROCESSOR_DEFINITIONS = (
					"DEBUG=1",
					"$(inherited)",
				);
				GCC_WARN_64_TO_32_BIT_CONVERSION = YES;
				GCC_WARN_ABOUT_RETURN_TYPE = YES_ERROR;
				GCC_WARN_UNDECLARED_SELECTOR = YES;
				GCC_WARN_UNINITIALIZED_AUTOS = YES_AGGRESSIVE;
				GCC_WARN_UNUSED_FUNCTION = YES;
				GCC_WARN_UNUSED_VARIABLE = YES;
				IPHONEOS_DEPLOYMENT_TARGET = 13.2;
				MTL_ENABLE_DEBUG_INFO = INCLUDE_SOURCE;
				MTL_FAST_MATH = YES;
				ONLY_ACTIVE_ARCH = YES;
				SDKROOT = iphoneos;
				SWIFT_ACTIVE_COMPILATION_CONDITIONS = DEBUG;
				SWIFT_OPTIMIZATION_LEVEL = "-Onone";
			};
			name = Debug;
		};
		45EBD3202349BE0C000B3429 /* Release */ = {
			isa = XCBuildConfiguration;
			buildSettings = {
				ALWAYS_SEARCH_USER_PATHS = NO;
				CLANG_ANALYZER_NONNULL = YES;
				CLANG_ANALYZER_NUMBER_OBJECT_CONVERSION = YES_AGGRESSIVE;
				CLANG_CXX_LANGUAGE_STANDARD = "gnu++14";
				CLANG_CXX_LIBRARY = "libc++";
				CLANG_ENABLE_MODULES = YES;
				CLANG_ENABLE_OBJC_ARC = YES;
				CLANG_ENABLE_OBJC_WEAK = YES;
				CLANG_WARN_BLOCK_CAPTURE_AUTORELEASING = YES;
				CLANG_WARN_BOOL_CONVERSION = YES;
				CLANG_WARN_COMMA = YES;
				CLANG_WARN_CONSTANT_CONVERSION = YES;
				CLANG_WARN_DEPRECATED_OBJC_IMPLEMENTATIONS = YES;
				CLANG_WARN_DIRECT_OBJC_ISA_USAGE = YES_ERROR;
				CLANG_WARN_DOCUMENTATION_COMMENTS = YES;
				CLANG_WARN_EMPTY_BODY = YES;
				CLANG_WARN_ENUM_CONVERSION = YES;
				CLANG_WARN_INFINITE_RECURSION = YES;
				CLANG_WARN_INT_CONVERSION = YES;
				CLANG_WARN_NON_LITERAL_NULL_CONVERSION = YES;
				CLANG_WARN_OBJC_IMPLICIT_RETAIN_SELF = YES;
				CLANG_WARN_OBJC_LITERAL_CONVERSION = YES;
				CLANG_WARN_OBJC_ROOT_CLASS = YES_ERROR;
				CLANG_WARN_RANGE_LOOP_ANALYSIS = YES;
				CLANG_WARN_STRICT_PROTOTYPES = YES;
				CLANG_WARN_SUSPICIOUS_MOVE = YES;
				CLANG_WARN_UNGUARDED_AVAILABILITY = YES_AGGRESSIVE;
				CLANG_WARN_UNREACHABLE_CODE = YES;
				CLANG_WARN__DUPLICATE_METHOD_MATCH = YES;
				COPY_PHASE_STRIP = NO;
				DEBUG_INFORMATION_FORMAT = "dwarf-with-dsym";
				ENABLE_NS_ASSERTIONS = NO;
				ENABLE_STRICT_OBJC_MSGSEND = YES;
				GCC_C_LANGUAGE_STANDARD = gnu11;
				GCC_NO_COMMON_BLOCKS = YES;
				GCC_WARN_64_TO_32_BIT_CONVERSION = YES;
				GCC_WARN_ABOUT_RETURN_TYPE = YES_ERROR;
				GCC_WARN_UNDECLARED_SELECTOR = YES;
				GCC_WARN_UNINITIALIZED_AUTOS = YES_AGGRESSIVE;
				GCC_WARN_UNUSED_FUNCTION = YES;
				GCC_WARN_UNUSED_VARIABLE = YES;
				IPHONEOS_DEPLOYMENT_TARGET = 13.2;
				MTL_ENABLE_DEBUG_INFO = NO;
				MTL_FAST_MATH = YES;
				SDKROOT = iphoneos;
				SWIFT_COMPILATION_MODE = wholemodule;
				SWIFT_OPTIMIZATION_LEVEL = "-O";
				VALIDATE_PRODUCT = YES;
			};
			name = Release;
		};
		45EBD3222349BE0C000B3429 /* Debug */ = {
			isa = XCBuildConfiguration;
			baseConfigurationReference = 79C78FE9C951578599D20FBD /* Pods-curriculum.debug.xcconfig */;
			buildSettings = {
				ASSETCATALOG_COMPILER_APPICON_NAME = AppIcon;
				CODE_SIGN_STYLE = Automatic;
				DEVELOPMENT_TEAM = JSY8H6LPZF;
				INFOPLIST_FILE = curriculum/SettingsProject/Info.plist;
				IPHONEOS_DEPLOYMENT_TARGET = 13.1;
				LD_RUNPATH_SEARCH_PATHS = (
					"$(inherited)",
					"@executable_path/Frameworks",
				);
				PRODUCT_BUNDLE_IDENTIFIER = com.tim;
				PRODUCT_NAME = "$(TARGET_NAME)";
				SWIFT_VERSION = 5.0;
				TARGETED_DEVICE_FAMILY = "1,2";
			};
			name = Debug;
		};
		45EBD3232349BE0C000B3429 /* Release */ = {
			isa = XCBuildConfiguration;
			baseConfigurationReference = 25E7C2D74513304709F04017 /* Pods-curriculum.release.xcconfig */;
			buildSettings = {
				ASSETCATALOG_COMPILER_APPICON_NAME = AppIcon;
				CODE_SIGN_STYLE = Automatic;
				DEVELOPMENT_TEAM = JSY8H6LPZF;
				INFOPLIST_FILE = curriculum/SettingsProject/Info.plist;
				IPHONEOS_DEPLOYMENT_TARGET = 13.1;
				LD_RUNPATH_SEARCH_PATHS = (
					"$(inherited)",
					"@executable_path/Frameworks",
				);
				PRODUCT_BUNDLE_IDENTIFIER = com.tim;
				PRODUCT_NAME = "$(TARGET_NAME)";
				SWIFT_VERSION = 5.0;
				TARGETED_DEVICE_FAMILY = "1,2";
			};
			name = Release;
		};
/* End XCBuildConfiguration section */

/* Begin XCConfigurationList section */
		45EBD3082349BE0A000B3429 /* Build configuration list for PBXProject "curriculum" */ = {
			isa = XCConfigurationList;
			buildConfigurations = (
				45EBD31F2349BE0C000B3429 /* Debug */,
				45EBD3202349BE0C000B3429 /* Release */,
			);
			defaultConfigurationIsVisible = 0;
			defaultConfigurationName = Release;
		};
		45EBD3212349BE0C000B3429 /* Build configuration list for PBXNativeTarget "curriculum" */ = {
			isa = XCConfigurationList;
			buildConfigurations = (
				45EBD3222349BE0C000B3429 /* Debug */,
				45EBD3232349BE0C000B3429 /* Release */,
			);
			defaultConfigurationIsVisible = 0;
			defaultConfigurationName = Release;
		};
/* End XCConfigurationList section */
	};
	rootObject = 45EBD3052349BE0A000B3429 /* Project object */;
}
